
Microsoft Visual Studio Solution File, Format Version 12.00
# Visual Studio 15
VisualStudioVersion = 15.0.27004.2006
MinimumVisualStudioVersion = 10.0.40219.1
Project("{8BC9CEB8-8B4A-11D0-8D11-00A0C91BC942}") = "zadanie10.4", "zadanie10.4.vcxproj", "{412F7934-D5D3-438C-AFC7-3C89F55F7702}"
EndProject
Global
	GlobalSection(SolutionConfigurationPlatforms) = preSolution
		Debug|x64 = Debug|x64
		Debug|x86 = Debug|x86
		Release|x64 = Release|x64
		Release|x86 = Release|x86
	EndGlobalSection
	GlobalSection(ProjectConfigurationPlatforms) = postSolution
		{412F7934-D5D3-438C-AFC7-3C89F55F7702}.Debug|x64.ActiveCfg = Debug|x64
		{412F7934-D5D3-438C-AFC7-3C89F55F7702}.Debug|x64.Build.0 = Debug|x64
		{412F7934-D5D3-438C-AFC7-3C89F55F7702}.Debug|x86.ActiveCfg = Debug|Win32
		{412F7934-D5D3-438C-AFC7-3C89F55F7702}.Debug|x86.Build.0 = Debug|Win32
		{412F7934-D5D3-438C-AFC7-3C89F55F7702}.Release|x64.ActiveCfg = Release|x64
		{412F7934-D5D3-438C-AFC7-3C89F55F7702}.Release|x64.Build.0 = Release|x64
		{412F7934-D5D3-438C-AFC7-3C89F55F7702}.Release|x86.ActiveCfg = Release|Win32
		{412F7934-D5D3-438C-AFC7-3C89F55F7702}.Release|x86.Build.0 = Release|Win32
	EndGlobalSection
	GlobalSection(SolutionProperties) = preSolution
		HideSolutionNode = FALSE
	EndGlobalSection
	GlobalSection(ExtensibilityGlobals) = postSolution
		SolutionGuid = {55DC114D-2E8B-4953-93D2-8721C0EB91D7}
	EndGlobalSection
EndGlobal
