
Microsoft Visual Studio Solution File, Format Version 12.00
# Visual Studio 15
VisualStudioVersion = 15.0.27004.2006
MinimumVisualStudioVersion = 10.0.40219.1
Project("{8BC9CEB8-8B4A-11D0-8D11-00A0C91BC942}") = "zadanie7.2", "zadanie7.2.vcxproj", "{FCB841D1-6F0C-463D-BB25-5F9DA6E8DD19}"
EndProject
Global
	GlobalSection(SolutionConfigurationPlatforms) = preSolution
		Debug|x64 = Debug|x64
		Debug|x86 = Debug|x86
		Release|x64 = Release|x64
		Release|x86 = Release|x86
	EndGlobalSection
	GlobalSection(ProjectConfigurationPlatforms) = postSolution
		{FCB841D1-6F0C-463D-BB25-5F9DA6E8DD19}.Debug|x64.ActiveCfg = Debug|x64
		{FCB841D1-6F0C-463D-BB25-5F9DA6E8DD19}.Debug|x64.Build.0 = Debug|x64
		{FCB841D1-6F0C-463D-BB25-5F9DA6E8DD19}.Debug|x86.ActiveCfg = Debug|Win32
		{FCB841D1-6F0C-463D-BB25-5F9DA6E8DD19}.Debug|x86.Build.0 = Debug|Win32
		{FCB841D1-6F0C-463D-BB25-5F9DA6E8DD19}.Release|x64.ActiveCfg = Release|x64
		{FCB841D1-6F0C-463D-BB25-5F9DA6E8DD19}.Release|x64.Build.0 = Release|x64
		{FCB841D1-6F0C-463D-BB25-5F9DA6E8DD19}.Release|x86.ActiveCfg = Release|Win32
		{FCB841D1-6F0C-463D-BB25-5F9DA6E8DD19}.Release|x86.Build.0 = Release|Win32
	EndGlobalSection
	GlobalSection(SolutionProperties) = preSolution
		HideSolutionNode = FALSE
	EndGlobalSection
	GlobalSection(ExtensibilityGlobals) = postSolution
		SolutionGuid = {9D94939C-9D8E-4FF4-A261-FEB03684517A}
	EndGlobalSection
EndGlobal
