
Microsoft Visual Studio Solution File, Format Version 12.00
# Visual Studio 15
VisualStudioVersion = 15.0.27004.2006
MinimumVisualStudioVersion = 10.0.40219.1
Project("{8BC9CEB8-8B4A-11D0-8D11-00A0C91BC942}") = "zadanie2.3", "zadanie2.3.vcxproj", "{23B5E8A0-C669-421E-A1E1-853B7B153FF0}"
EndProject
Global
	GlobalSection(SolutionConfigurationPlatforms) = preSolution
		Debug|x64 = Debug|x64
		Debug|x86 = Debug|x86
		Release|x64 = Release|x64
		Release|x86 = Release|x86
	EndGlobalSection
	GlobalSection(ProjectConfigurationPlatforms) = postSolution
		{23B5E8A0-C669-421E-A1E1-853B7B153FF0}.Debug|x64.ActiveCfg = Debug|x64
		{23B5E8A0-C669-421E-A1E1-853B7B153FF0}.Debug|x64.Build.0 = Debug|x64
		{23B5E8A0-C669-421E-A1E1-853B7B153FF0}.Debug|x86.ActiveCfg = Debug|Win32
		{23B5E8A0-C669-421E-A1E1-853B7B153FF0}.Debug|x86.Build.0 = Debug|Win32
		{23B5E8A0-C669-421E-A1E1-853B7B153FF0}.Release|x64.ActiveCfg = Release|x64
		{23B5E8A0-C669-421E-A1E1-853B7B153FF0}.Release|x64.Build.0 = Release|x64
		{23B5E8A0-C669-421E-A1E1-853B7B153FF0}.Release|x86.ActiveCfg = Release|Win32
		{23B5E8A0-C669-421E-A1E1-853B7B153FF0}.Release|x86.Build.0 = Release|Win32
	EndGlobalSection
	GlobalSection(SolutionProperties) = preSolution
		HideSolutionNode = FALSE
	EndGlobalSection
	GlobalSection(ExtensibilityGlobals) = postSolution
		SolutionGuid = {ED3B6D03-EACB-4583-AB50-A0455B367985}
	EndGlobalSection
EndGlobal
