
Microsoft Visual Studio Solution File, Format Version 12.00
# Visual Studio 15
VisualStudioVersion = 15.0.27004.2006
MinimumVisualStudioVersion = 10.0.40219.1
Project("{8BC9CEB8-8B4A-11D0-8D11-00A0C91BC942}") = "zadanie2.4", "zadanie2.4.vcxproj", "{3DD379E5-7F53-4B44-AF50-1CBE0D87E67D}"
EndProject
Global
	GlobalSection(SolutionConfigurationPlatforms) = preSolution
		Debug|x64 = Debug|x64
		Debug|x86 = Debug|x86
		Release|x64 = Release|x64
		Release|x86 = Release|x86
	EndGlobalSection
	GlobalSection(ProjectConfigurationPlatforms) = postSolution
		{3DD379E5-7F53-4B44-AF50-1CBE0D87E67D}.Debug|x64.ActiveCfg = Debug|x64
		{3DD379E5-7F53-4B44-AF50-1CBE0D87E67D}.Debug|x64.Build.0 = Debug|x64
		{3DD379E5-7F53-4B44-AF50-1CBE0D87E67D}.Debug|x86.ActiveCfg = Debug|Win32
		{3DD379E5-7F53-4B44-AF50-1CBE0D87E67D}.Debug|x86.Build.0 = Debug|Win32
		{3DD379E5-7F53-4B44-AF50-1CBE0D87E67D}.Release|x64.ActiveCfg = Release|x64
		{3DD379E5-7F53-4B44-AF50-1CBE0D87E67D}.Release|x64.Build.0 = Release|x64
		{3DD379E5-7F53-4B44-AF50-1CBE0D87E67D}.Release|x86.ActiveCfg = Release|Win32
		{3DD379E5-7F53-4B44-AF50-1CBE0D87E67D}.Release|x86.Build.0 = Release|Win32
	EndGlobalSection
	GlobalSection(SolutionProperties) = preSolution
		HideSolutionNode = FALSE
	EndGlobalSection
	GlobalSection(ExtensibilityGlobals) = postSolution
		SolutionGuid = {902F53C7-1018-42D7-B14B-7DA997A79000}
	EndGlobalSection
EndGlobal
