
Microsoft Visual Studio Solution File, Format Version 12.00
# Visual Studio 15
VisualStudioVersion = 15.0.27004.2006
MinimumVisualStudioVersion = 10.0.40219.1
Project("{8BC9CEB8-8B4A-11D0-8D11-00A0C91BC942}") = "zadanie6.4", "zadanie6.4.vcxproj", "{DE988745-3A10-4D5B-BEE1-10BF12FF947F}"
EndProject
Global
	GlobalSection(SolutionConfigurationPlatforms) = preSolution
		Debug|x64 = Debug|x64
		Debug|x86 = Debug|x86
		Release|x64 = Release|x64
		Release|x86 = Release|x86
	EndGlobalSection
	GlobalSection(ProjectConfigurationPlatforms) = postSolution
		{DE988745-3A10-4D5B-BEE1-10BF12FF947F}.Debug|x64.ActiveCfg = Debug|x64
		{DE988745-3A10-4D5B-BEE1-10BF12FF947F}.Debug|x64.Build.0 = Debug|x64
		{DE988745-3A10-4D5B-BEE1-10BF12FF947F}.Debug|x86.ActiveCfg = Debug|Win32
		{DE988745-3A10-4D5B-BEE1-10BF12FF947F}.Debug|x86.Build.0 = Debug|Win32
		{DE988745-3A10-4D5B-BEE1-10BF12FF947F}.Release|x64.ActiveCfg = Release|x64
		{DE988745-3A10-4D5B-BEE1-10BF12FF947F}.Release|x64.Build.0 = Release|x64
		{DE988745-3A10-4D5B-BEE1-10BF12FF947F}.Release|x86.ActiveCfg = Release|Win32
		{DE988745-3A10-4D5B-BEE1-10BF12FF947F}.Release|x86.Build.0 = Release|Win32
	EndGlobalSection
	GlobalSection(SolutionProperties) = preSolution
		HideSolutionNode = FALSE
	EndGlobalSection
	GlobalSection(ExtensibilityGlobals) = postSolution
		SolutionGuid = {1669027E-518C-42E1-B689-C5F3939A040D}
	EndGlobalSection
EndGlobal
