
Microsoft Visual Studio Solution File, Format Version 12.00
# Visual Studio 15
VisualStudioVersion = 15.0.27004.2006
MinimumVisualStudioVersion = 10.0.40219.1
Project("{8BC9CEB8-8B4A-11D0-8D11-00A0C91BC942}") = "zadanie3.3", "zadanie3.3.vcxproj", "{16840A0D-7677-4B7E-A727-31C0C54675F8}"
EndProject
Global
	GlobalSection(SolutionConfigurationPlatforms) = preSolution
		Debug|x64 = Debug|x64
		Debug|x86 = Debug|x86
		Release|x64 = Release|x64
		Release|x86 = Release|x86
	EndGlobalSection
	GlobalSection(ProjectConfigurationPlatforms) = postSolution
		{16840A0D-7677-4B7E-A727-31C0C54675F8}.Debug|x64.ActiveCfg = Debug|x64
		{16840A0D-7677-4B7E-A727-31C0C54675F8}.Debug|x64.Build.0 = Debug|x64
		{16840A0D-7677-4B7E-A727-31C0C54675F8}.Debug|x86.ActiveCfg = Debug|Win32
		{16840A0D-7677-4B7E-A727-31C0C54675F8}.Debug|x86.Build.0 = Debug|Win32
		{16840A0D-7677-4B7E-A727-31C0C54675F8}.Release|x64.ActiveCfg = Release|x64
		{16840A0D-7677-4B7E-A727-31C0C54675F8}.Release|x64.Build.0 = Release|x64
		{16840A0D-7677-4B7E-A727-31C0C54675F8}.Release|x86.ActiveCfg = Release|Win32
		{16840A0D-7677-4B7E-A727-31C0C54675F8}.Release|x86.Build.0 = Release|Win32
	EndGlobalSection
	GlobalSection(SolutionProperties) = preSolution
		HideSolutionNode = FALSE
	EndGlobalSection
	GlobalSection(ExtensibilityGlobals) = postSolution
		SolutionGuid = {D9D3BD76-918D-4543-9E12-79B8E80854D8}
	EndGlobalSection
EndGlobal
